// !$*UTF8*$!
{
	archiveVersion = 1;
	classes = {
	};
	objectVersion = 56;
	objects = {

/* Begin PBXBuildFile section */
		4F51D0B229B8E9ED008B4D32 /* CocoaXPCService.xpc in Embed XPC Services */ = {isa = PBXBuildFile; fileRef = 4F7CBBAF29B8B2B500313EC0 /* CocoaXPCService.xpc */; settings = {ATTRIBUTES = (RemoveHeadersOnCopy, ); }; };
		4F7CBB9A29B8B29900313EC0 /* AppDelegate.m in Sources */ = {isa = PBXBuildFile; fileRef = 4F7CBB9929B8B29900313EC0 /* AppDelegate.m */; };
		4F7CBB9D29B8B29900313EC0 /* ViewController.m in Sources */ = {isa = PBXBuildFile; fileRef = 4F7CBB9C29B8B29900313EC0 /* ViewController.m */; };
		4F7CBB9F29B8B29A00313EC0 /* Assets.xcassets in Resources */ = {isa = PBXBuildFile; fileRef = 4F7CBB9E29B8B29A00313EC0 /* Assets.xcassets */; };
		4F7CBBA229B8B29A00313EC0 /* Main.storyboard in Resources */ = {isa = PBXBuildFile; fileRef = 4F7CBBA029B8B29A00313EC0 /* Main.storyboard */; };
		4F7CBBA429B8B29A00313EC0 /* main.m in Sources */ = {isa = PBXBuildFile; fileRef = 4F7CBBA329B8B29A00313EC0 /* main.m */; };
		4F7CBBB629B8B2B500313EC0 /* main.m in Sources */ = {isa = PBXBuildFile; fileRef = 4F7CBBB529B8B2B500313EC0 /* main.m */; };
		4F7CBBC729B8B2C100313EC0 /* main.m in Sources */ = {isa = PBXBuildFile; fileRef = 4F7CBBC629B8B2C100313EC0 /* main.m */; };
/* End PBXBuildFile section */

/* Begin PBXContainerItemProxy section */
		4F51D0AD29B8E9AF008B4D32 /* PBXContainerItemProxy */ = {
			isa = PBXContainerItemProxy;
			containerPortal = 4F7CBB8D29B8B29900313EC0 /* Project object */;
			proxyType = 1;
			remoteGlobalIDString = 4F7CBBAE29B8B2B500313EC0;
			remoteInfo = CocoaXPCService;
		};
/* End PBXContainerItemProxy section */

/* Begin PBXCopyFilesBuildPhase section */
        4F7CBBCF29B8D8C800313EC0 /* Embed XPC Services */ = {
            isa = PBXCopyFilesBuildPhase;
            buildActionMask = 2147483647;
            dstPath = "$(CONTENTS_FOLDER_PATH)/XPCServices";
            dstSubfolderSpec = 16;
            files = (
                4F51D0B229B8E9ED008B4D32 /* CocoaXPCService.xpc in Embed XPC Services */,
            );
            name = "Embed XPC Services";
            runOnlyForDeploymentPostprocessing = 0;
        };
		4F7CBBC229B8B2C100313EC0 /* CopyFiles */ = {
			isa = PBXCopyFilesBuildPhase;
			buildActionMask = 2147483647;
			dstPath = /usr/share/man/man1/;
			dstSubfolderSpec = 0;
			files = (
			);
			runOnlyForDeploymentPostprocessing = 1;
		};
/* End PBXCopyFilesBuildPhase section */

/* Begin PBXFileReference section */
		4F7CBB9529B8B29900313EC0 /* CocoaXPC_3.app */ = {isa = PBXFileReference; explicitFileType = wrapper.application; includeInIndex = 0; path = CocoaXPC_3.app; sourceTree = BUILT_PRODUCTS_DIR; };
		4F7CBB9829B8B29900313EC0 /* AppDelegate.h */ = {isa = PBXFileReference; lastKnownFileType = sourcecode.c.h; path = AppDelegate.h; sourceTree = "<group>"; };
		4F7CBB9929B8B29900313EC0 /* AppDelegate.m */ = {isa = PBXFileReference; lastKnownFileType = sourcecode.c.objc; path = AppDelegate.m; sourceTree = "<group>"; };
		4F7CBB9B29B8B29900313EC0 /* ViewController.h */ = {isa = PBXFileReference; lastKnownFileType = sourcecode.c.h; path = ViewController.h; sourceTree = "<group>"; };
		4F7CBB9C29B8B29900313EC0 /* ViewController.m */ = {isa = PBXFileReference; lastKnownFileType = sourcecode.c.objc; path = ViewController.m; sourceTree = "<group>"; };
		4F7CBB9E29B8B29A00313EC0 /* Assets.xcassets */ = {isa = PBXFileReference; lastKnownFileType = folder.assetcatalog; path = Assets.xcassets; sourceTree = "<group>"; };
		4F7CBBA129B8B29A00313EC0 /* Base */ = {isa = PBXFileReference; lastKnownFileType = file.storyboard; name = Base; path = Base.lproj/Main.storyboard; sourceTree = "<group>"; };
		4F7CBBA329B8B29A00313EC0 /* main.m */ = {isa = PBXFileReference; lastKnownFileType = sourcecode.c.objc; path = main.m; sourceTree = "<group>"; };
		4F7CBBA529B8B29A00313EC0 /* CocoaXPC_3.entitlements */ = {isa = PBXFileReference; lastKnownFileType = text.plist.entitlements; path = CocoaXPC_3.entitlements; sourceTree = "<group>"; };
		4F7CBBAF29B8B2B500313EC0 /* CocoaXPCService.xpc */ = {isa = PBXFileReference; explicitFileType = "wrapper.xpc-service"; includeInIndex = 0; path = CocoaXPCService.xpc; sourceTree = BUILT_PRODUCTS_DIR; };
		4F7CBBB529B8B2B500313EC0 /* main.m */ = {isa = PBXFileReference; lastKnownFileType = sourcecode.c.objc; path = main.m; sourceTree = "<group>"; };
		4F7CBBB729B8B2B500313EC0 /* Info.plist */ = {isa = PBXFileReference; lastKnownFileType = text.plist.xml; path = Info.plist; sourceTree = "<group>"; };
		4F7CBBB829B8B2B500313EC0 /* CocoaXPCService.entitlements */ = {isa = PBXFileReference; lastKnownFileType = text.plist.entitlements; path = CocoaXPCService.entitlements; sourceTree = "<group>"; };
		4F7CBBC429B8B2C100313EC0 /* CocoaXPCHelper */ = {isa = PBXFileReference; explicitFileType = "compiled.mach-o.executable"; includeInIndex = 0; path = CocoaXPCHelper; sourceTree = BUILT_PRODUCTS_DIR; };
		4F7CBBC629B8B2C100313EC0 /* main.m */ = {isa = PBXFileReference; lastKnownFileType = sourcecode.c.objc; path = main.m; sourceTree = "<group>"; };
/* End PBXFileReference section */

/* Begin PBXFrameworksBuildPhase section */
		4F7CBB9229B8B29900313EC0 /* Frameworks */ = {
			isa = PBXFrameworksBuildPhase;
			buildActionMask = 2147483647;
			files = (
			);
			runOnlyForDeploymentPostprocessing = 0;
		};
		4F7CBBAC29B8B2B500313EC0 /* Frameworks */ = {
			isa = PBXFrameworksBuildPhase;
			buildActionMask = 2147483647;
			files = (
			);
			runOnlyForDeploymentPostprocessing = 0;
		};
		4F7CBBC129B8B2C100313EC0 /* Frameworks */ = {
			isa = PBXFrameworksBuildPhase;
			buildActionMask = 2147483647;
			files = (
			);
			runOnlyForDeploymentPostprocessing = 0;
		};
/* End PBXFrameworksBuildPhase section */

/* Begin PBXGroup section */
		4F7CBB8C29B8B29900313EC0 = {
			isa = PBXGroup;
			children = (
				4F7CBB9729B8B29900313EC0 /* CocoaXPC_3 */,
				4F7CBBB029B8B2B500313EC0 /* CocoaXPCService */,
				4F7CBBC529B8B2C100313EC0 /* CocoaXPCHelper */,
				4F7CBB9629B8B29900313EC0 /* Products */,
				4F7CBBCB29B8D8C800313EC0 /* Frameworks */,
			);
			sourceTree = "<group>";
		};
		4F7CBB9629B8B29900313EC0 /* Products */ = {
			isa = PBXGroup;
			children = (
				4F7CBB9529B8B29900313EC0 /* CocoaXPC_3.app */,
				4F7CBBAF29B8B2B500313EC0 /* CocoaXPCService.xpc */,
				4F7CBBC429B8B2C100313EC0 /* CocoaXPCHelper */,
			);
			name = Products;
			sourceTree = "<group>";
		};
		4F7CBB9729B8B29900313EC0 /* CocoaXPC_3 */ = {
			isa = PBXGroup;
			children = (
				4F7CBB9829B8B29900313EC0 /* AppDelegate.h */,
				4F7CBB9929B8B29900313EC0 /* AppDelegate.m */,
				4F7CBB9B29B8B29900313EC0 /* ViewController.h */,
				4F7CBB9C29B8B29900313EC0 /* ViewController.m */,
				4F7CBB9E29B8B29A00313EC0 /* Assets.xcassets */,
				4F7CBBA029B8B29A00313EC0 /* Main.storyboard */,
				4F7CBBA329B8B29A00313EC0 /* main.m */,
				4F7CBBA529B8B29A00313EC0 /* CocoaXPC_3.entitlements */,
			);
			path = CocoaXPC_3;
			sourceTree = "<group>";
		};
		4F7CBBB029B8B2B500313EC0 /* CocoaXPCService */ = {
			isa = PBXGroup;
			children = (
				4F7CBBB529B8B2B500313EC0 /* main.m */,
				4F7CBBB729B8B2B500313EC0 /* Info.plist */,
				4F7CBBB829B8B2B500313EC0 /* CocoaXPCService.entitlements */,
			);
			path = CocoaXPCService;
			sourceTree = "<group>";
		};
		4F7CBBC529B8B2C100313EC0 /* CocoaXPCHelper */ = {
			isa = PBXGroup;
			children = (
				4F7CBBC629B8B2C100313EC0 /* main.m */,
			);
			path = CocoaXPCHelper;
			sourceTree = "<group>";
		};
		4F7CBBCB29B8D8C800313EC0 /* Frameworks */ = {
			isa = PBXGroup;
			children = (
			);
			name = Frameworks;
			sourceTree = "<group>";
		};
/* End PBXGroup section */

/* Begin PBXNativeTarget section */
		4F7CBB9429B8B29900313EC0 /* CocoaXPC_3 */ = {
			isa = PBXNativeTarget;
			buildConfigurationList = 4F7CBBA829B8B29A00313EC0 /* Build configuration list for PBXNativeTarget "CocoaXPC_3" */;
			buildPhases = (
				4F7CBB9129B8B29900313EC0 /* Sources */,
				4F7CBB9229B8B29900313EC0 /* Frameworks */,
				4F7CBB9329B8B29900313EC0 /* Resources */,
				4F7CBBCF29B8D8C800313EC0 /* Embed XPC Services */,
			);
			buildRules = (
			);
			dependencies = (
				4F51D0AE29B8E9AF008B4D32 /* PBXTargetDependency */,
			);
			name = CocoaXPC_3;
			productName = CocoaXPC_3;
			productReference = 4F7CBB9529B8B29900313EC0 /* CocoaXPC_3.app */;
			productType = "com.apple.product-type.application";
		};
		4F7CBBAE29B8B2B500313EC0 /* CocoaXPCService */ = {
			isa = PBXNativeTarget;
			buildConfigurationList = 4F7CBBBC29B8B2B500313EC0 /* Build configuration list for PBXNativeTarget "CocoaXPCService" */;
			buildPhases = (
				4F7CBBAB29B8B2B500313EC0 /* Sources */,
				4F7CBBAC29B8B2B500313EC0 /* Frameworks */,
				4F7CBBAD29B8B2B500313EC0 /* Resources */,
			);
			buildRules = (
			);
			dependencies = (
			);
			name = CocoaXPCService;
			productName = CocoaXPCService;
			productReference = 4F7CBBAF29B8B2B500313EC0 /* CocoaXPCService.xpc */;
			productType = "com.apple.product-type.xpc-service";
		};
		4F7CBBC329B8B2C100313EC0 /* CocoaXPCHelper */ = {
			isa = PBXNativeTarget;
			buildConfigurationList = 4F7CBBC829B8B2C100313EC0 /* Build configuration list for PBXNativeTarget "CocoaXPCHelper" */;
			buildPhases = (
				4F7CBBC029B8B2C100313EC0 /* Sources */,
				4F7CBBC129B8B2C100313EC0 /* Frameworks */,
				4F7CBBC229B8B2C100313EC0 /* CopyFiles */,
			);
			buildRules = (
			);
			dependencies = (
			);
			name = CocoaXPCHelper;
			productName = CocoaXPCHelper;
			productReference = 4F7CBBC429B8B2C100313EC0 /* CocoaXPCHelper */;
			productType = "com.apple.product-type.tool";
		};
/* End PBXNativeTarget section */

/* Begin PBXProject section */
		4F7CBB8D29B8B29900313EC0 /* Project object */ = {
			isa = PBXProject;
			attributes = {
				BuildIndependentTargetsInParallel = 1;
				LastUpgradeCheck = 1430;
				TargetAttributes = {
					4F7CBB9429B8B29900313EC0 = {
						CreatedOnToolsVersion = 14.3;
					};
					4F7CBBAE29B8B2B500313EC0 = {
						CreatedOnToolsVersion = 14.3;
					};
					4F7CBBC329B8B2C100313EC0 = {
						CreatedOnToolsVersion = 14.3;
					};
				};
			};
			buildConfigurationList = 4F7CBB9029B8B29900313EC0 /* Build configuration list for PBXProject "CocoaXPC_3" */;
			compatibilityVersion = "Xcode 14.0";
			developmentRegion = en;
			hasScannedForEncodings = 0;
			knownRegions = (
				en,
				Base,
			);
			mainGroup = 4F7CBB8C29B8B29900313EC0;
			productRefGroup = 4F7CBB9629B8B29900313EC0 /* Products */;
			projectDirPath = "";
			projectRoot = "";
			targets = (
				4F7CBB9429B8B29900313EC0 /* CocoaXPC_3 */,
				4F7CBBAE29B8B2B500313EC0 /* CocoaXPCService */,
				4F7CBBC329B8B2C100313EC0 /* CocoaXPCHelper */,
			);
		};
/* End PBXProject section */

/* Begin PBXResourcesBuildPhase section */
		4F7CBB9329B8B29900313EC0 /* Resources */ = {
			isa = PBXResourcesBuildPhase;
			buildActionMask = 2147483647;
			files = (
				4F7CBB9F29B8B29A00313EC0 /* Assets.xcassets in Resources */,
				4F7CBBA229B8B29A00313EC0 /* Main.storyboard in Resources */,
			);
			runOnlyForDeploymentPostprocessing = 0;
		};
		4F7CBBAD29B8B2B500313EC0 /* Resources */ = {
			isa = PBXResourcesBuildPhase;
			buildActionMask = 2147483647;
			files = (
			);
			runOnlyForDeploymentPostprocessing = 0;
		};
/* End PBXResourcesBuildPhase section */

/* Begin PBXSourcesBuildPhase section */
		4F7CBB9129B8B29900313EC0 /* Sources */ = {
			isa = PBXSourcesBuildPhase;
			buildActionMask = 2147483647;
			files = (
				4F7CBB9D29B8B29900313EC0 /* ViewController.m in Sources */,
				4F7CBBA429B8B29A00313EC0 /* main.m in Sources */,
				4F7CBB9A29B8B29900313EC0 /* AppDelegate.m in Sources */,
			);
			runOnlyForDeploymentPostprocessing = 0;
		};
		4F7CBBAB29B8B2B500313EC0 /* Sources */ = {
			isa = PBXSourcesBuildPhase;
			buildActionMask = 2147483647;
			files = (
				4F7CBBB629B8B2B500313EC0 /* main.m in Sources */,
			);
			runOnlyForDeploymentPostprocessing = 0;
		};
		4F7CBBC029B8B2C100313EC0 /* Sources */ = {
			isa = PBXSourcesBuildPhase;
			buildActionMask = 2147483647;
			files = (
				4F7CBBC729B8B2C100313EC0 /* main.m in Sources */,
			);
			runOnlyForDeploymentPostprocessing = 0;
		};
/* End PBXSourcesBuildPhase section */

/* Begin PBXTargetDependency section */
		4F51D0AE29B8E9AF008B4D32 /* PBXTargetDependency */ = {
			isa = PBXTargetDependency;
			target = 4F7CBBAE29B8B2B500313EC0 /* CocoaXPCService */;
			targetProxy = 4F51D0AD29B8E9AF008B4D32 /* PBXContainerItemProxy */;
		};
/* End PBXTargetDependency section */

/* Begin PBXVariantGroup section */
		4F7CBBA029B8B29A00313EC0 /* Main.storyboard */ = {
			isa = PBXVariantGroup;
			children = (
				4F7CBBA129B8B29A00313EC0 /* Base */,
			);
			name = Main.storyboard;
			sourceTree = "<group>";
		};
/* End PBXVariantGroup section */

/* Begin XCBuildConfiguration section */
		4F7CBBA629B8B29A00313EC0 /* Debug */ = {
			isa = XCBuildConfiguration;
			buildSettings = {
				ALWAYS_SEARCH_USER_PATHS = NO;
				CLANG_ANALYZER_NONNULL = YES;
				CLANG_ANALYZER_NUMBER_OBJECT_CONVERSION = YES_AGGRESSIVE;
				CLANG_CXX_LANGUAGE_STANDARD = "gnu++20";
				CLANG_ENABLE_MODULES = YES;
				CLANG_ENABLE_OBJC_ARC = YES;
				CLANG_ENABLE_OBJC_WEAK = YES;
				CLANG_WARN_BLOCK_CAPTURE_AUTORELEASING = YES;
				CLANG_WARN_BOOL_CONVERSION = YES;
				CLANG_WARN_COMMA = YES;
				CLANG_WARN_CONSTANT_CONVERSION = YES;
				CLANG_WARN_DEPRECATED_OBJC_IMPLEMENTATIONS = YES;
				CLANG_WARN_DIRECT_OBJC_ISA_USAGE = YES_ERROR;
				CLANG_WARN_DOCUMENTATION_COMMENTS = YES;
				CLANG_WARN_EMPTY_BODY = YES;
				CLANG_WARN_ENUM_CONVERSION = YES;
				CLANG_WARN_INFINITE_RECURSION = YES;
				CLANG_WARN_INT_CONVERSION = YES;
				CLANG_WARN_NON_LITERAL_NULL_CONVERSION = YES;
				CLANG_WARN_OBJC_IMPLICIT_RETAIN_SELF = YES;
				CLANG_WARN_OBJC_LITERAL_CONVERSION = YES;
				CLANG_WARN_OBJC_ROOT_CLASS = YES_ERROR;
				CLANG_WARN_QUOTED_INCLUDE_IN_FRAMEWORK_HEADER = YES;
				CLANG_WARN_RANGE_LOOP_ANALYSIS = YES;
				CLANG_WARN_STRICT_PROTOTYPES = YES;
				CLANG_WARN_SUSPICIOUS_MOVE = YES;
				CLANG_WARN_UNGUARDED_AVAILABILITY = YES_AGGRESSIVE;
				CLANG_WARN_UNREACHABLE_CODE = YES;
				CLANG_WARN__DUPLICATE_METHOD_MATCH = YES;
				COPY_PHASE_STRIP = NO;
				DEBUG_INFORMATION_FORMAT = dwarf;
				ENABLE_STRICT_OBJC_MSGSEND = YES;
				ENABLE_TESTABILITY = YES;
				GCC_C_LANGUAGE_STANDARD = gnu11;
				GCC_DYNAMIC_NO_PIC = NO;
				GCC_NO_COMMON_BLOCKS = YES;
				GCC_OPTIMIZATION_LEVEL = 0;
				GCC_PREPROCESSOR_DEFINITIONS = (
					"DEBUG=1",
					"$(inherited)",
				);
				GCC_WARN_64_TO_32_BIT_CONVERSION = YES;
				GCC_WARN_ABOUT_RETURN_TYPE = YES_ERROR;
				GCC_WARN_UNDECLARED_SELECTOR = YES;
				GCC_WARN_UNINITIALIZED_AUTOS = YES_AGGRESSIVE;
				GCC_WARN_UNUSED_FUNCTION = YES;
				GCC_WARN_UNUSED_VARIABLE = YES;
				MACOSX_DEPLOYMENT_TARGET = 13.0;
				MTL_ENABLE_DEBUG_INFO = INCLUDE_SOURCE;
				MTL_FAST_MATH = YES;
				ONLY_ACTIVE_ARCH = YES;
				SDKROOT = macosx;
			};
			name = Debug;
		};
		4F7CBBA729B8B29A00313EC0 /* Release */ = {
			isa = XCBuildConfiguration;
			buildSettings = {
				ALWAYS_SEARCH_USER_PATHS = NO;
				CLANG_ANALYZER_NONNULL = YES;
				CLANG_ANALYZER_NUMBER_OBJECT_CONVERSION = YES_AGGRESSIVE;
				CLANG_CXX_LANGUAGE_STANDARD = "gnu++20";
				CLANG_ENABLE_MODULES = YES;
				CLANG_ENABLE_OBJC_ARC = YES;
				CLANG_ENABLE_OBJC_WEAK = YES;
				CLANG_WARN_BLOCK_CAPTURE_AUTORELEASING = YES;
				CLANG_WARN_BOOL_CONVERSION = YES;
				CLANG_WARN_COMMA = YES;
				CLANG_WARN_CONSTANT_CONVERSION = YES;
				CLANG_WARN_DEPRECATED_OBJC_IMPLEMENTATIONS = YES;
				CLANG_WARN_DIRECT_OBJC_ISA_USAGE = YES_ERROR;
				CLANG_WARN_DOCUMENTATION_COMMENTS = YES;
				CLANG_WARN_EMPTY_BODY = YES;
				CLANG_WARN_ENUM_CONVERSION = YES;
				CLANG_WARN_INFINITE_RECURSION = YES;
				CLANG_WARN_INT_CONVERSION = YES;
				CLANG_WARN_NON_LITERAL_NULL_CONVERSION = YES;
				CLANG_WARN_OBJC_IMPLICIT_RETAIN_SELF = YES;
				CLANG_WARN_OBJC_LITERAL_CONVERSION = YES;
				CLANG_WARN_OBJC_ROOT_CLASS = YES_ERROR;
				CLANG_WARN_QUOTED_INCLUDE_IN_FRAMEWORK_HEADER = YES;
				CLANG_WARN_RANGE_LOOP_ANALYSIS = YES;
				CLANG_WARN_STRICT_PROTOTYPES = YES;
				CLANG_WARN_SUSPICIOUS_MOVE = YES;
				CLANG_WARN_UNGUARDED_AVAILABILITY = YES_AGGRESSIVE;
				CLANG_WARN_UNREACHABLE_CODE = YES;
				CLANG_WARN__DUPLICATE_METHOD_MATCH = YES;
				COPY_PHASE_STRIP = NO;
				DEBUG_INFORMATION_FORMAT = "dwarf-with-dsym";
				ENABLE_NS_ASSERTIONS = NO;
				ENABLE_STRICT_OBJC_MSGSEND = YES;
				GCC_C_LANGUAGE_STANDARD = gnu11;
				GCC_NO_COMMON_BLOCKS = YES;
				GCC_WARN_64_TO_32_BIT_CONVERSION = YES;
				GCC_WARN_ABOUT_RETURN_TYPE = YES_ERROR;
				GCC_WARN_UNDECLARED_SELECTOR = YES;
				GCC_WARN_UNINITIALIZED_AUTOS = YES_AGGRESSIVE;
				GCC_WARN_UNUSED_FUNCTION = YES;
				GCC_WARN_UNUSED_VARIABLE = YES;
				MACOSX_DEPLOYMENT_TARGET = 13.0;
				MTL_ENABLE_DEBUG_INFO = NO;
				MTL_FAST_MATH = YES;
				SDKROOT = macosx;
			};
			name = Release;
		};
		4F7CBBA929B8B29A00313EC0 /* Debug */ = {
			isa = XCBuildConfiguration;
			buildSettings = {
				ASSETCATALOG_COMPILER_APPICON_NAME = AppIcon;
				ASSETCATALOG_COMPILER_GLOBAL_ACCENT_COLOR_NAME = AccentColor;
				CODE_SIGN_ENTITLEMENTS = CocoaXPC_3/CocoaXPC_3.entitlements;
				CODE_SIGN_STYLE = Automatic;
				COMBINE_HIDPI_IMAGES = YES;
				CURRENT_PROJECT_VERSION = 1;
				DEVELOPMENT_TEAM = P53D29U9LJ;
				ENABLE_HARDENED_RUNTIME = NO;
				GENERATE_INFOPLIST_FILE = YES;
				INFOPLIST_KEY_NSHumanReadableCopyright = "";
				INFOPLIST_KEY_NSMainStoryboardFile = Main;
				INFOPLIST_KEY_NSPrincipalClass = NSApplication;
				LD_RUNPATH_SEARCH_PATHS = (
					"$(inherited)",
					"@executable_path/../Frameworks",
				);
				MARKETING_VERSION = 1.0;
				PRODUCT_BUNDLE_IDENTIFIER = "com.pookjw.CocoaXPC-3";
				PRODUCT_NAME = "$(TARGET_NAME)";
				SWIFT_EMIT_LOC_STRINGS = YES;
			};
			name = Debug;
		};
		4F7CBBAA29B8B29A00313EC0 /* Release */ = {
			isa = XCBuildConfiguration;
			buildSettings = {
				ASSETCATALOG_COMPILER_APPICON_NAME = AppIcon;
				ASSETCATALOG_COMPILER_GLOBAL_ACCENT_COLOR_NAME = AccentColor;
				CODE_SIGN_ENTITLEMENTS = CocoaXPC_3/CocoaXPC_3.entitlements;
				CODE_SIGN_STYLE = Automatic;
				COMBINE_HIDPI_IMAGES = YES;
				CURRENT_PROJECT_VERSION = 1;
				DEVELOPMENT_TEAM = P53D29U9LJ;
				ENABLE_HARDENED_RUNTIME = NO;
				GENERATE_INFOPLIST_FILE = YES;
				INFOPLIST_KEY_NSHumanReadableCopyright = "";
				INFOPLIST_KEY_NSMainStoryboardFile = Main;
				INFOPLIST_KEY_NSPrincipalClass = NSApplication;
				LD_RUNPATH_SEARCH_PATHS = (
					"$(inherited)",
					"@executable_path/../Frameworks",
				);
				MARKETING_VERSION = 1.0;
				PRODUCT_BUNDLE_IDENTIFIER = "com.pookjw.CocoaXPC-3";
				PRODUCT_NAME = "$(TARGET_NAME)";
				SWIFT_EMIT_LOC_STRINGS = YES;
			};
			name = Release;
		};
		4F7CBBBD29B8B2B500313EC0 /* Debug */ = {
			isa = XCBuildConfiguration;
			buildSettings = {
				CODE_SIGN_ENTITLEMENTS = CocoaXPCService/CocoaXPCService.entitlements;
				CODE_SIGN_STYLE = Automatic;
				COMBINE_HIDPI_IMAGES = YES;
				CURRENT_PROJECT_VERSION = 1;
				DEVELOPMENT_TEAM = P53D29U9LJ;
				ENABLE_HARDENED_RUNTIME = NO;
				GENERATE_INFOPLIST_FILE = YES;
				INFOPLIST_FILE = CocoaXPCService/Info.plist;
				INFOPLIST_KEY_CFBundleDisplayName = CocoaXPCService;
				INFOPLIST_KEY_NSHumanReadableCopyright = "";
				MARKETING_VERSION = 1.0;
				PRODUCT_BUNDLE_IDENTIFIER = com.pookjw.CocoaXPC.Service;
				PRODUCT_NAME = "$(TARGET_NAME)";
				SKIP_INSTALL = YES;
				SWIFT_EMIT_LOC_STRINGS = YES;
			};
			name = Debug;
		};
		4F7CBBBE29B8B2B500313EC0 /* Release */ = {
			isa = XCBuildConfiguration;
			buildSettings = {
				CODE_SIGN_ENTITLEMENTS = CocoaXPCService/CocoaXPCService.entitlements;
				CODE_SIGN_STYLE = Automatic;
				COMBINE_HIDPI_IMAGES = YES;
				CURRENT_PROJECT_VERSION = 1;
				DEVELOPMENT_TEAM = P53D29U9LJ;
				ENABLE_HARDENED_RUNTIME = NO;
				GENERATE_INFOPLIST_FILE = YES;
				INFOPLIST_FILE = CocoaXPCService/Info.plist;
				INFOPLIST_KEY_CFBundleDisplayName = CocoaXPCService;
				INFOPLIST_KEY_NSHumanReadableCopyright = "";
				MARKETING_VERSION = 1.0;
				PRODUCT_BUNDLE_IDENTIFIER = com.pookjw.CocoaXPC.Service;
				PRODUCT_NAME = "$(TARGET_NAME)";
				SKIP_INSTALL = YES;
				SWIFT_EMIT_LOC_STRINGS = YES;
			};
			name = Release;
		};
		4F7CBBC929B8B2C100313EC0 /* Debug */ = {
			isa = XCBuildConfiguration;
			buildSettings = {
				CODE_SIGN_STYLE = Automatic;
				DEVELOPMENT_TEAM = P53D29U9LJ;
				ENABLE_HARDENED_RUNTIME = YES;
				PRODUCT_BUNDLE_IDENTIFIER = com.pookjw.CocoaXPC.Helper;
				PRODUCT_NAME = "$(TARGET_NAME)";
			};
			name = Debug;
		};
		4F7CBBCA29B8B2C100313EC0 /* Release */ = {
			isa = XCBuildConfiguration;
			buildSettings = {
				CODE_SIGN_STYLE = Automatic;
				DEVELOPMENT_TEAM = P53D29U9LJ;
				ENABLE_HARDENED_RUNTIME = YES;
				PRODUCT_BUNDLE_IDENTIFIER = com.pookjw.CocoaXPC.Helper;
				PRODUCT_NAME = "$(TARGET_NAME)";
			};
			name = Release;
		};
/* End XCBuildConfiguration section */

/* Begin XCConfigurationList section */
		4F7CBB9029B8B29900313EC0 /* Build configuration list for PBXProject "CocoaXPC_3" */ = {
			isa = XCConfigurationList;
			buildConfigurations = (
				4F7CBBA629B8B29A00313EC0 /* Debug */,
				4F7CBBA729B8B29A00313EC0 /* Release */,
			);
			defaultConfigurationIsVisible = 0;
			defaultConfigurationName = Release;
		};
		4F7CBBA829B8B29A00313EC0 /* Build configuration list for PBXNativeTarget "CocoaXPC_3" */ = {
			isa = XCConfigurationList;
			buildConfigurations = (
				4F7CBBA929B8B29A00313EC0 /* Debug */,
				4F7CBBAA29B8B29A00313EC0 /* Release */,
			);
			defaultConfigurationIsVisible = 0;
			defaultConfigurationName = Release;
		};
		4F7CBBBC29B8B2B500313EC0 /* Build configuration list for PBXNativeTarget "CocoaXPCService" */ = {
			isa = XCConfigurationList;
			buildConfigurations = (
				4F7CBBBD29B8B2B500313EC0 /* Debug */,
				4F7CBBBE29B8B2B500313EC0 /* Release */,
			);
			defaultConfigurationIsVisible = 0;
			defaultConfigurationName = Release;
		};
		4F7CBBC829B8B2C100313EC0 /* Build configuration list for PBXNativeTarget "CocoaXPCHelper" */ = {
			isa = XCConfigurationList;
			buildConfigurations = (
				4F7CBBC929B8B2C100313EC0 /* Debug */,
				4F7CBBCA29B8B2C100313EC0 /* Release */,
			);
			defaultConfigurationIsVisible = 0;
			defaultConfigurationName = Release;
		};
/* End XCConfigurationList section */
	};
	rootObject = 4F7CBB8D29B8B29900313EC0 /* Project object */;
}
